
Microsoft Visual Studio Solution File, Format Version 12.00
# Visual Studio Version 17
VisualStudioVersion = 17.6.33712.159
MinimumVisualStudioVersion = 10.0.40219.1
Project("{FAE04EC0-301F-11D3-BF4B-00C04F79EFBC}") = "BulkyBoodExtended", "BulkyBoodExtended\BulkyBoodExtended.csproj", "{2EFEE7D8-0889-4E72-964A-60B1EF4A2EEA}"
EndProject
Global
	GlobalSection(SolutionConfigurationPlatforms) = preSolution
		Debug|Any CPU = Debug|Any CPU
		Release|Any CPU = Release|Any CPU
	EndGlobalSection
	GlobalSection(ProjectConfigurationPlatforms) = postSolution
		{2EFEE7D8-0889-4E72-964A-60B1EF4A2EEA}.Debug|Any CPU.ActiveCfg = Debug|Any CPU
		{2EFEE7D8-0889-4E72-964A-60B1EF4A2EEA}.Debug|Any CPU.Build.0 = Debug|Any CPU
		{2EFEE7D8-0889-4E72-964A-60B1EF4A2EEA}.Release|Any CPU.ActiveCfg = Release|Any CPU
		{2EFEE7D8-0889-4E72-964A-60B1EF4A2EEA}.Release|Any CPU.Build.0 = Release|Any CPU
	EndGlobalSection
	GlobalSection(SolutionProperties) = preSolution
		HideSolutionNode = FALSE
	EndGlobalSection
	GlobalSection(ExtensibilityGlobals) = postSolution
		SolutionGuid = {32308FEA-5922-4B52-8CAB-70C6AB517393}
	EndGlobalSection
EndGlobal
